
Microsoft Visual Studio Solution File, Format Version 12.00
# Visual Studio Version 17
VisualStudioVersion = 17.0.31903.59
MinimumVisualStudioVersion = 10.0.40219.1
Project("{2150E333-8FDC-42A3-9474-1A3956D46DE8}") = "src", "src", "{827E0CD3-B72D-47B6-A68D-7590B98EB39B}"
EndProject
Project("{FAE04EC0-301F-11D3-BF4B-00C04F79EFBC}") = "Slideshow.Api", "src\Slideshow.Api\Slideshow.Api.csproj", "{8A2E5F47-5D78-4E0C-B495-CD8E37DDDBCD}"
EndProject
Project("{FAE04EC0-301F-11D3-BF4B-00C04F79EFBC}") = "Slideshow.Api.Tests", "tests\Slideshow.Api.Tests\Slideshow.Api.Tests.csproj", "{0CE2C222-78A2-408D-9EA0-6720984BD722}"
EndProject
Global
	GlobalSection(SolutionConfigurationPlatforms) = preSolution
		Debug|Any CPU = Debug|Any CPU
		Debug|x64 = Debug|x64
		Debug|x86 = Debug|x86
		Release|Any CPU = Release|Any CPU
		Release|x64 = Release|x64
		Release|x86 = Release|x86
	EndGlobalSection
	GlobalSection(ProjectConfigurationPlatforms) = postSolution
		{8A2E5F47-5D78-4E0C-B495-CD8E37DDDBCD}.Debug|Any CPU.ActiveCfg = Debug|Any CPU
		{8A2E5F47-5D78-4E0C-B495-CD8E37DDDBCD}.Debug|Any CPU.Build.0 = Debug|Any CPU
		{8A2E5F47-5D78-4E0C-B495-CD8E37DDDBCD}.Debug|x64.ActiveCfg = Debug|Any CPU
		{8A2E5F47-5D78-4E0C-B495-CD8E37DDDBCD}.Debug|x64.Build.0 = Debug|Any CPU
		{8A2E5F47-5D78-4E0C-B495-CD8E37DDDBCD}.Debug|x86.ActiveCfg = Debug|Any CPU
		{8A2E5F47-5D78-4E0C-B495-CD8E37DDDBCD}.Debug|x86.Build.0 = Debug|Any CPU
		{8A2E5F47-5D78-4E0C-B495-CD8E37DDDBCD}.Release|Any CPU.ActiveCfg = Release|Any CPU
		{8A2E5F47-5D78-4E0C-B495-CD8E37DDDBCD}.Release|Any CPU.Build.0 = Release|Any CPU
		{8A2E5F47-5D78-4E0C-B495-CD8E37DDDBCD}.Release|x64.ActiveCfg = Release|Any CPU
		{8A2E5F47-5D78-4E0C-B495-CD8E37DDDBCD}.Release|x64.Build.0 = Release|Any CPU
		{8A2E5F47-5D78-4E0C-B495-CD8E37DDDBCD}.Release|x86.ActiveCfg = Release|Any CPU
		{8A2E5F47-5D78-4E0C-B495-CD8E37DDDBCD}.Release|x86.Build.0 = Release|Any CPU
		{0CE2C222-78A2-408D-9EA0-6720984BD722}.Debug|Any CPU.ActiveCfg = Debug|Any CPU
		{0CE2C222-78A2-408D-9EA0-6720984BD722}.Debug|Any CPU.Build.0 = Debug|Any CPU
		{0CE2C222-78A2-408D-9EA0-6720984BD722}.Debug|x64.ActiveCfg = Debug|Any CPU
		{0CE2C222-78A2-408D-9EA0-6720984BD722}.Debug|x64.Build.0 = Debug|Any CPU
		{0CE2C222-78A2-408D-9EA0-6720984BD722}.Debug|x86.ActiveCfg = Debug|Any CPU
		{0CE2C222-78A2-408D-9EA0-6720984BD722}.Debug|x86.Build.0 = Debug|Any CPU
		{0CE2C222-78A2-408D-9EA0-6720984BD722}.Release|Any CPU.ActiveCfg = Release|Any CPU
		{0CE2C222-78A2-408D-9EA0-6720984BD722}.Release|Any CPU.Build.0 = Release|Any CPU
		{0CE2C222-78A2-408D-9EA0-6720984BD722}.Release|x64.ActiveCfg = Release|Any CPU
		{0CE2C222-78A2-408D-9EA0-6720984BD722}.Release|x64.Build.0 = Release|Any CPU
		{0CE2C222-78A2-408D-9EA0-6720984BD722}.Release|x86.ActiveCfg = Release|Any CPU
		{0CE2C222-78A2-408D-9EA0-6720984BD722}.Release|x86.Build.0 = Release|Any CPU
	EndGlobalSection
	GlobalSection(SolutionProperties) = preSolution
		HideSolutionNode = FALSE
	EndGlobalSection
	GlobalSection(NestedProjects) = preSolution
		{8A2E5F47-5D78-4E0C-B495-CD8E37DDDBCD} = {827E0CD3-B72D-47B6-A68D-7590B98EB39B}
		{0CE2C222-78A2-408D-9EA0-6720984BD722} = {827E0CD3-B72D-47B6-A68D-7590B98EB39B}
	EndGlobalSection
EndGlobal
